Microsoft Visual Studio Solution File, Format Version 12.00
# Visual Studio Version 17
VisualStudioVersion = 17.5.2.0
MinimumVisualStudioVersion = 10.0.40219.1
Project("{FAE04EC0-301F-11D3-BF4B-00C04F79EFBC}") = "dienthoai", "dienthoai.csproj", "{C2CA35C9-0438-2BEE-1B41-6A0E2118947D}"
EndProject
Global
	GlobalSection(SolutionConfigurationPlatforms) = preSolution
		Debug|Any CPU = Debug|Any CPU
		Release|Any CPU = Release|Any CPU
	EndGlobalSection
	GlobalSection(ProjectConfigurationPlatforms) = postSolution
		{C2CA35C9-0438-2BEE-1B41-6A0E2118947D}.Debug|Any CPU.ActiveCfg = Debug|Any CPU
		{C2CA35C9-0438-2BEE-1B41-6A0E2118947D}.Debug|Any CPU.Build.0 = Debug|Any CPU
		{C2CA35C9-0438-2BEE-1B41-6A0E2118947D}.Release|Any CPU.ActiveCfg = Release|Any CPU
		{C2CA35C9-0438-2BEE-1B41-6A0E2118947D}.Release|Any CPU.Build.0 = Release|Any CPU
	EndGlobalSection
	GlobalSection(SolutionProperties) = preSolution
		HideSolutionNode = FALSE
	EndGlobalSection
	GlobalSection(ExtensibilityGlobals) = postSolution
		SolutionGuid = {9B8ADFC0-F9EC-4473-9F4E-9767234EFBFC}
	EndGlobalSection
EndGlobal
